
Microsoft Visual Studio Solution File, Format Version 12.00
# Visual Studio 15
VisualStudioVersion = 15.0.26403.7
MinimumVisualStudioVersion = 10.0.40219.1
Project("{9A19103F-16F7-4668-BE54-9A1E7A4F7556}") = "OSVR.UsbDetection", "src\OSVR.UsbDetection\OSVR.UsbDetection.csproj", "{623645D5-7C43-4CEC-8399-8F0DE0493EAC}"
	ProjectSection(ProjectDependencies) = postProject
		{50310BC2-5505-34F2-A0AE-0A4677921363} = {50310BC2-5505-34F2-A0AE-0A4677921363}
	EndProjectSection
EndProject
Project("{8BC9CEB8-8B4A-11D0-8D11-00A0C91BC942}") = "osvrUSBDetection", "src\OSVR-USB-Monitor\build\osvrUSBDetection.vcxproj", "{50310BC2-5505-34F2-A0AE-0A4677921363}"
EndProject
Project("{9A19103F-16F7-4668-BE54-9A1E7A4F7556}") = "OSVR.Config", "src\osvr-config\src\OSVR.Config\OSVR.Config.csproj", "{0070C1D6-0DDA-43E9-B7D5-0218691A3363}"
EndProject
Project("{9A19103F-16F7-4668-BE54-9A1E7A4F7556}") = "OSVR.Config.Controllers", "src\osvr-config\src\OSVR.Config.Controllers\OSVR.Config.Controllers.csproj", "{816EE123-8C30-4D72-B49E-81FABC1EF916}"
EndProject
Project("{9A19103F-16F7-4668-BE54-9A1E7A4F7556}") = "SensicsTray", "src\SensicsTray\SensicsTray.csproj", "{DC09D75F-A4FA-4496-9E0C-962DE381DA07}"
EndProject
Project("{2150E333-8FDC-42A3-9474-1A3956D46DE8}") = "Solution Items", "Solution Items", "{DB090BC9-3AE6-44B8-B217-201A0CC777D4}"
	ProjectSection(SolutionItems) = preProject
		.gitignore = .gitignore
		.gitmodules = .gitmodules
		build_release.cmd = build_release.cmd
		configure_usb_lib.cmd = configure_usb_lib.cmd
		LICENSE = LICENSE
		README.md = README.md
		UpgradeLog.htm = UpgradeLog.htm
	EndProjectSection
EndProject
Project("{930C7802-8A8C-48F9-8165-68863BCCD9DD}") = "Setup", "src\Setup\Setup.wixproj", "{E7FCA39B-A26B-419B-AC55-C7FAD2D15B15}"
EndProject
Global
	GlobalSection(SolutionConfigurationPlatforms) = preSolution
		Debug|Any CPU = Debug|Any CPU
		Debug|x64 = Debug|x64
		Debug|x86 = Debug|x86
		MinSizeRel|Any CPU = MinSizeRel|Any CPU
		MinSizeRel|x64 = MinSizeRel|x64
		MinSizeRel|x86 = MinSizeRel|x86
		Release|Any CPU = Release|Any CPU
		Release|x64 = Release|x64
		Release|x86 = Release|x86
		RelWithDebInfo|Any CPU = RelWithDebInfo|Any CPU
		RelWithDebInfo|x64 = RelWithDebInfo|x64
		RelWithDebInfo|x86 = RelWithDebInfo|x86
	EndGlobalSection
	GlobalSection(ProjectConfigurationPlatforms) = postSolution
		{623645D5-7C43-4CEC-8399-8F0DE0493EAC}.Debug|Any CPU.ActiveCfg = Debug|Any CPU
		{623645D5-7C43-4CEC-8399-8F0DE0493EAC}.Debug|Any CPU.Build.0 = Debug|Any CPU
		{623645D5-7C43-4CEC-8399-8F0DE0493EAC}.Debug|x64.ActiveCfg = Debug|Any CPU
		{623645D5-7C43-4CEC-8399-8F0DE0493EAC}.Debug|x64.Build.0 = Debug|Any CPU
		{623645D5-7C43-4CEC-8399-8F0DE0493EAC}.Debug|x86.ActiveCfg = Debug|Any CPU
		{623645D5-7C43-4CEC-8399-8F0DE0493EAC}.Debug|x86.Build.0 = Debug|Any CPU
		{623645D5-7C43-4CEC-8399-8F0DE0493EAC}.MinSizeRel|Any CPU.ActiveCfg = Debug|Any CPU
		{623645D5-7C43-4CEC-8399-8F0DE0493EAC}.MinSizeRel|Any CPU.Build.0 = Debug|Any CPU
		{623645D5-7C43-4CEC-8399-8F0DE0493EAC}.MinSizeRel|x64.ActiveCfg = Debug|Any CPU
		{623645D5-7C43-4CEC-8399-8F0DE0493EAC}.MinSizeRel|x64.Build.0 = Debug|Any CPU
		{623645D5-7C43-4CEC-8399-8F0DE0493EAC}.MinSizeRel|x86.ActiveCfg = Release|Any CPU
		{623645D5-7C43-4CEC-8399-8F0DE0493EAC}.MinSizeRel|x86.Build.0 = Release|Any CPU
		{623645D5-7C43-4CEC-8399-8F0DE0493EAC}.Release|Any CPU.ActiveCfg = Release|Any CPU
		{623645D5-7C43-4CEC-8399-8F0DE0493EAC}.Release|Any CPU.Build.0 = Release|Any CPU
		{623645D5-7C43-4CEC-8399-8F0DE0493EAC}.Release|x64.ActiveCfg = Release|Any CPU
		{623645D5-7C43-4CEC-8399-8F0DE0493EAC}.Release|x64.Build.0 = Release|Any CPU
		{623645D5-7C43-4CEC-8399-8F0DE0493EAC}.Release|x86.ActiveCfg = Release|Any CPU
		{623645D5-7C43-4CEC-8399-8F0DE0493EAC}.Release|x86.Build.0 = Release|Any CPU
		{623645D5-7C43-4CEC-8399-8F0DE0493EAC}.RelWithDebInfo|Any CPU.ActiveCfg = Release|Any CPU
		{623645D5-7C43-4CEC-8399-8F0DE0493EAC}.RelWithDebInfo|Any CPU.Build.0 = Release|Any CPU
		{623645D5-7C43-4CEC-8399-8F0DE0493EAC}.RelWithDebInfo|x64.ActiveCfg = Release|Any CPU
		{623645D5-7C43-4CEC-8399-8F0DE0493EAC}.RelWithDebInfo|x64.Build.0 = Release|Any CPU
		{623645D5-7C43-4CEC-8399-8F0DE0493EAC}.RelWithDebInfo|x86.ActiveCfg = Release|Any CPU
		{623645D5-7C43-4CEC-8399-8F0DE0493EAC}.RelWithDebInfo|x86.Build.0 = Release|Any CPU
		{50310BC2-5505-34F2-A0AE-0A4677921363}.Debug|Any CPU.ActiveCfg = Debug|x64
		{50310BC2-5505-34F2-A0AE-0A4677921363}.Debug|x64.ActiveCfg = Debug|x64
		{50310BC2-5505-34F2-A0AE-0A4677921363}.Debug|x64.Build.0 = Debug|x64
		{50310BC2-5505-34F2-A0AE-0A4677921363}.Debug|x86.ActiveCfg = Debug|x64
		{50310BC2-5505-34F2-A0AE-0A4677921363}.MinSizeRel|Any CPU.ActiveCfg = MinSizeRel|x64
		{50310BC2-5505-34F2-A0AE-0A4677921363}.MinSizeRel|x64.ActiveCfg = MinSizeRel|x64
		{50310BC2-5505-34F2-A0AE-0A4677921363}.MinSizeRel|x64.Build.0 = MinSizeRel|x64
		{50310BC2-5505-34F2-A0AE-0A4677921363}.MinSizeRel|x86.ActiveCfg = MinSizeRel|x64
		{50310BC2-5505-34F2-A0AE-0A4677921363}.Release|Any CPU.ActiveCfg = Release|x64
		{50310BC2-5505-34F2-A0AE-0A4677921363}.Release|x64.ActiveCfg = Release|x64
		{50310BC2-5505-34F2-A0AE-0A4677921363}.Release|x64.Build.0 = Release|x64
		{50310BC2-5505-34F2-A0AE-0A4677921363}.Release|x86.ActiveCfg = Release|x64
		{50310BC2-5505-34F2-A0AE-0A4677921363}.RelWithDebInfo|Any CPU.ActiveCfg = RelWithDebInfo|x64
		{50310BC2-5505-34F2-A0AE-0A4677921363}.RelWithDebInfo|x64.ActiveCfg = RelWithDebInfo|x64
		{50310BC2-5505-34F2-A0AE-0A4677921363}.RelWithDebInfo|x64.Build.0 = RelWithDebInfo|x64
		{50310BC2-5505-34F2-A0AE-0A4677921363}.RelWithDebInfo|x86.ActiveCfg = RelWithDebInfo|x64
		{0070C1D6-0DDA-43E9-B7D5-0218691A3363}.Debug|Any CPU.ActiveCfg = Debug|Any CPU
		{0070C1D6-0DDA-43E9-B7D5-0218691A3363}.Debug|Any CPU.Build.0 = Debug|Any CPU
		{0070C1D6-0DDA-43E9-B7D5-0218691A3363}.Debug|x64.ActiveCfg = Debug|Any CPU
		{0070C1D6-0DDA-43E9-B7D5-0218691A3363}.Debug|x64.Build.0 = Debug|Any CPU
		{0070C1D6-0DDA-43E9-B7D5-0218691A3363}.Debug|x86.ActiveCfg = Debug|Any CPU
		{0070C1D6-0DDA-43E9-B7D5-0218691A3363}.Debug|x86.Build.0 = Debug|Any CPU
		{0070C1D6-0DDA-43E9-B7D5-0218691A3363}.MinSizeRel|Any CPU.ActiveCfg = Debug|Any CPU
		{0070C1D6-0DDA-43E9-B7D5-0218691A3363}.MinSizeRel|Any CPU.Build.0 = Debug|Any CPU
		{0070C1D6-0DDA-43E9-B7D5-0218691A3363}.MinSizeRel|x64.ActiveCfg = Debug|Any CPU
		{0070C1D6-0DDA-43E9-B7D5-0218691A3363}.MinSizeRel|x64.Build.0 = Debug|Any CPU
		{0070C1D6-0DDA-43E9-B7D5-0218691A3363}.MinSizeRel|x86.ActiveCfg = Release|Any CPU
		{0070C1D6-0DDA-43E9-B7D5-0218691A3363}.MinSizeRel|x86.Build.0 = Release|Any CPU
		{0070C1D6-0DDA-43E9-B7D5-0218691A3363}.Release|Any CPU.ActiveCfg = Release|Any CPU
		{0070C1D6-0DDA-43E9-B7D5-0218691A3363}.Release|Any CPU.Build.0 = Release|Any CPU
		{0070C1D6-0DDA-43E9-B7D5-0218691A3363}.Release|x64.ActiveCfg = Release|Any CPU
		{0070C1D6-0DDA-43E9-B7D5-0218691A3363}.Release|x64.Build.0 = Release|Any CPU
		{0070C1D6-0DDA-43E9-B7D5-0218691A3363}.Release|x86.ActiveCfg = Release|Any CPU
		{0070C1D6-0DDA-43E9-B7D5-0218691A3363}.Release|x86.Build.0 = Release|Any CPU
		{0070C1D6-0DDA-43E9-B7D5-0218691A3363}.RelWithDebInfo|Any CPU.ActiveCfg = Release|Any CPU
		{0070C1D6-0DDA-43E9-B7D5-0218691A3363}.RelWithDebInfo|Any CPU.Build.0 = Release|Any CPU
		{0070C1D6-0DDA-43E9-B7D5-0218691A3363}.RelWithDebInfo|x64.ActiveCfg = Release|Any CPU
		{0070C1D6-0DDA-43E9-B7D5-0218691A3363}.RelWithDebInfo|x64.Build.0 = Release|Any CPU
		{0070C1D6-0DDA-43E9-B7D5-0218691A3363}.RelWithDebInfo|x86.ActiveCfg = Release|Any CPU
		{0070C1D6-0DDA-43E9-B7D5-0218691A3363}.RelWithDebInfo|x86.Build.0 = Release|Any CPU
		{816EE123-8C30-4D72-B49E-81FABC1EF916}.Debug|Any CPU.ActiveCfg = Debug|Any CPU
		{816EE123-8C30-4D72-B49E-81FABC1EF916}.Debug|Any CPU.Build.0 = Debug|Any CPU
		{816EE123-8C30-4D72-B49E-81FABC1EF916}.Debug|x64.ActiveCfg = Debug|Any CPU
		{816EE123-8C30-4D72-B49E-81FABC1EF916}.Debug|x64.Build.0 = Debug|Any CPU
		{816EE123-8C30-4D72-B49E-81FABC1EF916}.Debug|x86.ActiveCfg = Debug|Any CPU
		{816EE123-8C30-4D72-B49E-81FABC1EF916}.Debug|x86.Build.0 = Debug|Any CPU
		{816EE123-8C30-4D72-B49E-81FABC1EF916}.MinSizeRel|Any CPU.ActiveCfg = Debug|Any CPU
		{816EE123-8C30-4D72-B49E-81FABC1EF916}.MinSizeRel|Any CPU.Build.0 = Debug|Any CPU
		{816EE123-8C30-4D72-B49E-81FABC1EF916}.MinSizeRel|x64.ActiveCfg = Debug|Any CPU
		{816EE123-8C30-4D72-B49E-81FABC1EF916}.MinSizeRel|x64.Build.0 = Debug|Any CPU
		{816EE123-8C30-4D72-B49E-81FABC1EF916}.MinSizeRel|x86.ActiveCfg = Release|Any CPU
		{816EE123-8C30-4D72-B49E-81FABC1EF916}.MinSizeRel|x86.Build.0 = Release|Any CPU
		{816EE123-8C30-4D72-B49E-81FABC1EF916}.Release|Any CPU.ActiveCfg = Release|Any CPU
		{816EE123-8C30-4D72-B49E-81FABC1EF916}.Release|Any CPU.Build.0 = Release|Any CPU
		{816EE123-8C30-4D72-B49E-81FABC1EF916}.Release|x64.ActiveCfg = Release|Any CPU
		{816EE123-8C30-4D72-B49E-81FABC1EF916}.Release|x64.Build.0 = Release|Any CPU
		{816EE123-8C30-4D72-B49E-81FABC1EF916}.Release|x86.ActiveCfg = Release|Any CPU
		{816EE123-8C30-4D72-B49E-81FABC1EF916}.Release|x86.Build.0 = Release|Any CPU
		{816EE123-8C30-4D72-B49E-81FABC1EF916}.RelWithDebInfo|Any CPU.ActiveCfg = Release|Any CPU
		{816EE123-8C30-4D72-B49E-81FABC1EF916}.RelWithDebInfo|Any CPU.Build.0 = Release|Any CPU
		{816EE123-8C30-4D72-B49E-81FABC1EF916}.RelWithDebInfo|x64.ActiveCfg = Release|Any CPU
		{816EE123-8C30-4D72-B49E-81FABC1EF916}.RelWithDebInfo|x64.Build.0 = Release|Any CPU
		{816EE123-8C30-4D72-B49E-81FABC1EF916}.RelWithDebInfo|x86.ActiveCfg = Release|Any CPU
		{816EE123-8C30-4D72-B49E-81FABC1EF916}.RelWithDebInfo|x86.Build.0 = Release|Any CPU
		{DC09D75F-A4FA-4496-9E0C-962DE381DA07}.Debug|Any CPU.ActiveCfg = Debug|Any CPU
		{DC09D75F-A4FA-4496-9E0C-962DE381DA07}.Debug|Any CPU.Build.0 = Debug|Any CPU
		{DC09D75F-A4FA-4496-9E0C-962DE381DA07}.Debug|x64.ActiveCfg = Debug|Any CPU
		{DC09D75F-A4FA-4496-9E0C-962DE381DA07}.Debug|x64.Build.0 = Debug|Any CPU
		{DC09D75F-A4FA-4496-9E0C-962DE381DA07}.Debug|x86.ActiveCfg = Debug|Any CPU
		{DC09D75F-A4FA-4496-9E0C-962DE381DA07}.Debug|x86.Build.0 = Debug|Any CPU
		{DC09D75F-A4FA-4496-9E0C-962DE381DA07}.MinSizeRel|Any CPU.ActiveCfg = Debug|Any CPU
		{DC09D75F-A4FA-4496-9E0C-962DE381DA07}.MinSizeRel|Any CPU.Build.0 = Debug|Any CPU
		{DC09D75F-A4FA-4496-9E0C-962DE381DA07}.MinSizeRel|x64.ActiveCfg = Debug|Any CPU
		{DC09D75F-A4FA-4496-9E0C-962DE381DA07}.MinSizeRel|x64.Build.0 = Debug|Any CPU
		{DC09D75F-A4FA-4496-9E0C-962DE381DA07}.MinSizeRel|x86.ActiveCfg = Release|Any CPU
		{DC09D75F-A4FA-4496-9E0C-962DE381DA07}.MinSizeRel|x86.Build.0 = Release|Any CPU
		{DC09D75F-A4FA-4496-9E0C-962DE381DA07}.Release|Any CPU.ActiveCfg = Release|Any CPU
		{DC09D75F-A4FA-4496-9E0C-962DE381DA07}.Release|Any CPU.Build.0 = Release|Any CPU
		{DC09D75F-A4FA-4496-9E0C-962DE381DA07}.Release|x64.ActiveCfg = Release|Any CPU
		{DC09D75F-A4FA-4496-9E0C-962DE381DA07}.Release|x64.Build.0 = Release|Any CPU
		{DC09D75F-A4FA-4496-9E0C-962DE381DA07}.Release|x86.ActiveCfg = Release|Any CPU
		{DC09D75F-A4FA-4496-9E0C-962DE381DA07}.Release|x86.Build.0 = Release|Any CPU
		{DC09D75F-A4FA-4496-9E0C-962DE381DA07}.RelWithDebInfo|Any CPU.ActiveCfg = Release|Any CPU
		{DC09D75F-A4FA-4496-9E0C-962DE381DA07}.RelWithDebInfo|Any CPU.Build.0 = Release|Any CPU
		{DC09D75F-A4FA-4496-9E0C-962DE381DA07}.RelWithDebInfo|x64.ActiveCfg = Release|Any CPU
		{DC09D75F-A4FA-4496-9E0C-962DE381DA07}.RelWithDebInfo|x64.Build.0 = Release|Any CPU
		{DC09D75F-A4FA-4496-9E0C-962DE381DA07}.RelWithDebInfo|x86.ActiveCfg = Release|Any CPU
		{DC09D75F-A4FA-4496-9E0C-962DE381DA07}.RelWithDebInfo|x86.Build.0 = Release|Any CPU
		{E7FCA39B-A26B-419B-AC55-C7FAD2D15B15}.Debug|Any CPU.ActiveCfg = Debug|x86
		{E7FCA39B-A26B-419B-AC55-C7FAD2D15B15}.Debug|x64.ActiveCfg = Debug|x86
		{E7FCA39B-A26B-419B-AC55-C7FAD2D15B15}.Debug|x86.ActiveCfg = Debug|x86
		{E7FCA39B-A26B-419B-AC55-C7FAD2D15B15}.Debug|x86.Build.0 = Debug|x86
		{E7FCA39B-A26B-419B-AC55-C7FAD2D15B15}.MinSizeRel|Any CPU.ActiveCfg = Release|x86
		{E7FCA39B-A26B-419B-AC55-C7FAD2D15B15}.MinSizeRel|Any CPU.Build.0 = Release|x86
		{E7FCA39B-A26B-419B-AC55-C7FAD2D15B15}.MinSizeRel|x64.ActiveCfg = Release|x86
		{E7FCA39B-A26B-419B-AC55-C7FAD2D15B15}.MinSizeRel|x64.Build.0 = Release|x86
		{E7FCA39B-A26B-419B-AC55-C7FAD2D15B15}.MinSizeRel|x86.ActiveCfg = Release|x86
		{E7FCA39B-A26B-419B-AC55-C7FAD2D15B15}.MinSizeRel|x86.Build.0 = Release|x86
		{E7FCA39B-A26B-419B-AC55-C7FAD2D15B15}.Release|Any CPU.ActiveCfg = Release|x86
		{E7FCA39B-A26B-419B-AC55-C7FAD2D15B15}.Release|x64.ActiveCfg = Release|x86
		{E7FCA39B-A26B-419B-AC55-C7FAD2D15B15}.Release|x86.ActiveCfg = Release|x86
		{E7FCA39B-A26B-419B-AC55-C7FAD2D15B15}.Release|x86.Build.0 = Release|x86
		{E7FCA39B-A26B-419B-AC55-C7FAD2D15B15}.RelWithDebInfo|Any CPU.ActiveCfg = Release|x86
		{E7FCA39B-A26B-419B-AC55-C7FAD2D15B15}.RelWithDebInfo|Any CPU.Build.0 = Release|x86
		{E7FCA39B-A26B-419B-AC55-C7FAD2D15B15}.RelWithDebInfo|x64.ActiveCfg = Release|x86
		{E7FCA39B-A26B-419B-AC55-C7FAD2D15B15}.RelWithDebInfo|x64.Build.0 = Release|x86
		{E7FCA39B-A26B-419B-AC55-C7FAD2D15B15}.RelWithDebInfo|x86.ActiveCfg = Release|x86
		{E7FCA39B-A26B-419B-AC55-C7FAD2D15B15}.RelWithDebInfo|x86.Build.0 = Release|x86
	EndGlobalSection
	GlobalSection(SolutionProperties) = preSolution
		HideSolutionNode = FALSE
	EndGlobalSection
EndGlobal
